// !$*UTF8*$!
{
	archiveVersion = 1;
	classes = {
	};
	objectVersion = 56;
	objects = {

/* Begin PBXBuildFile section */
		190042B32B1DF7CC00199D11 /* MainScreenVC.swift in Sources */ = {isa = PBXBuildFile; fileRef = 190042B22B1DF7CB00199D11 /* MainScreenVC.swift */; };
		19037B6B2B5AECBA0030ABA4 /* PointerView.swift in Sources */ = {isa = PBXBuildFile; fileRef = 19037B6A2B5AECBA0030ABA4 /* PointerView.swift */; };
		191E10AB2B59940600707733 /* String+K.swift in Sources */ = {isa = PBXBuildFile; fileRef = 191E10AA2B59940500707733 /* String+K.swift */; };
		19224DA52B202966006C9113 /* MainScreenVM.swift in Sources */ = {isa = PBXBuildFile; fileRef = 19224DA42B202966006C9113 /* MainScreenVM.swift */; };
		193CC49B2B5CDA1800352A44 /* PreviewContainer.swift in Sources */ = {isa = PBXBuildFile; fileRef = 193CC4992B5CDA1700352A44 /* PreviewContainer.swift */; };
		193CC49C2B5CDA1800352A44 /* RoundedTextField.swift in Sources */ = {isa = PBXBuildFile; fileRef = 193CC49A2B5CDA1700352A44 /* RoundedTextField.swift */; };
		193CC4A22B5CE2A900352A44 /* UIFont+appFont.swift in Sources */ = {isa = PBXBuildFile; fileRef = 193CC4A12B5CE2A900352A44 /* UIFont+appFont.swift */; };
		193CC4A42B5CE3A900352A44 /* Float+stringWithoutZeroFraction.swift in Sources */ = {isa = PBXBuildFile; fileRef = 193CC4A32B5CE3A900352A44 /* Float+stringWithoutZeroFraction.swift */; };
		195F7CB92B22E3E1004FCDB4 /* PointsGeneratorModel.swift in Sources */ = {isa = PBXBuildFile; fileRef = 195F7CB82B22E3E1004FCDB4 /* PointsGeneratorModel.swift */; };
		197872A02B282D880034B77D /* SF-Pro.ttf in Resources */ = {isa = PBXBuildFile; fileRef = 1978729F2B282D880034B77D /* SF-Pro.ttf */; };
		19BBBD9B2B14E3940053F1C5 /* AppDelegate.swift in Sources */ = {isa = PBXBuildFile; fileRef = 19BBBD9A2B14E3940053F1C5 /* AppDelegate.swift */; };
		19BBBD9D2B14E3940053F1C5 /* SceneDelegate.swift in Sources */ = {isa = PBXBuildFile; fileRef = 19BBBD9C2B14E3940053F1C5 /* SceneDelegate.swift */; };
		19BBBDA42B14E3960053F1C5 /* Assets.xcassets in Resources */ = {isa = PBXBuildFile; fileRef = 19BBBDA32B14E3960053F1C5 /* Assets.xcassets */; };
		19BBDE832B1DA37900824BBE /* Gradient.swift in Sources */ = {isa = PBXBuildFile; fileRef = 19BBDE822B1DA37900824BBE /* Gradient.swift */; };
		19CAA1982B28378E0040BEEF /* MainScreenSettingsVC.swift in Sources */ = {isa = PBXBuildFile; fileRef = 19CAA1972B28378E0040BEEF /* MainScreenSettingsVC.swift */; };
		19CEB2AA2B26F67F00EDF9BF /* GradientBackgroundView.swift in Sources */ = {isa = PBXBuildFile; fileRef = 19CEB2A92B26F67F00EDF9BF /* GradientBackgroundView.swift */; };
		19CEB2AC2B27243D00EDF9BF /* UIView+setGradientBackground.swift in Sources */ = {isa = PBXBuildFile; fileRef = 19CEB2AB2B27243D00EDF9BF /* UIView+setGradientBackground.swift */; };
		19CEB2B12B27433A00EDF9BF /* UIButton+Configuration.swift in Sources */ = {isa = PBXBuildFile; fileRef = 19CEB2B02B27433A00EDF9BF /* UIButton+Configuration.swift */; };
		19D2D8EE2B59A0DA00C2CF7D /* Main.storyboard in Resources */ = {isa = PBXBuildFile; fileRef = 19D2D8EC2B59A0DA00C2CF7D /* Main.storyboard */; };
		19FFB5A92B29798500CBAFF8 /* UIImage+scaleTo.swift in Sources */ = {isa = PBXBuildFile; fileRef = 19FFB5A82B29798500CBAFF8 /* UIImage+scaleTo.swift */; };
/* End PBXBuildFile section */

/* Begin PBXFileReference section */
		190042B22B1DF7CB00199D11 /* MainScreenVC.swift */ = {isa = PBXFileReference; lastKnownFileType = sourcecode.swift; path = MainScreenVC.swift; sourceTree = "<group>"; };
		19037B6A2B5AECBA0030ABA4 /* PointerView.swift */ = {isa = PBXFileReference; lastKnownFileType = sourcecode.swift; path = PointerView.swift; sourceTree = "<group>"; };
		191E10AA2B59940500707733 /* String+K.swift */ = {isa = PBXFileReference; fileEncoding = 4; lastKnownFileType = sourcecode.swift; path = "String+K.swift"; sourceTree = "<group>"; };
		19224DA42B202966006C9113 /* MainScreenVM.swift */ = {isa = PBXFileReference; lastKnownFileType = sourcecode.swift; path = MainScreenVM.swift; sourceTree = "<group>"; };
		193CC4992B5CDA1700352A44 /* PreviewContainer.swift */ = {isa = PBXFileReference; fileEncoding = 4; lastKnownFileType = sourcecode.swift; path = PreviewContainer.swift; sourceTree = "<group>"; };
		193CC49A2B5CDA1700352A44 /* RoundedTextField.swift */ = {isa = PBXFileReference; fileEncoding = 4; lastKnownFileType = sourcecode.swift; path = RoundedTextField.swift; sourceTree = "<group>"; };
		193CC4A12B5CE2A900352A44 /* UIFont+appFont.swift */ = {isa = PBXFileReference; fileEncoding = 4; lastKnownFileType = sourcecode.swift; path = "UIFont+appFont.swift"; sourceTree = "<group>"; };
		193CC4A32B5CE3A900352A44 /* Float+stringWithoutZeroFraction.swift */ = {isa = PBXFileReference; fileEncoding = 4; lastKnownFileType = sourcecode.swift; path = "Float+stringWithoutZeroFraction.swift"; sourceTree = "<group>"; };
		195F7CB82B22E3E1004FCDB4 /* PointsGeneratorModel.swift */ = {isa = PBXFileReference; lastKnownFileType = sourcecode.swift; path = PointsGeneratorModel.swift; sourceTree = "<group>"; };
		1978729F2B282D880034B77D /* SF-Pro.ttf */ = {isa = PBXFileReference; lastKnownFileType = file; path = "SF-Pro.ttf"; sourceTree = "<group>"; };
		19BBBD972B14E3940053F1C5 /* AutoClicker.app */ = {isa = PBXFileReference; explicitFileType = wrapper.application; includeInIndex = 0; path = AutoClicker.app; sourceTree = BUILT_PRODUCTS_DIR; };
		19BBBD9A2B14E3940053F1C5 /* AppDelegate.swift */ = {isa = PBXFileReference; lastKnownFileType = sourcecode.swift; path = AppDelegate.swift; sourceTree = "<group>"; };
		19BBBD9C2B14E3940053F1C5 /* SceneDelegate.swift */ = {isa = PBXFileReference; lastKnownFileType = sourcecode.swift; path = SceneDelegate.swift; sourceTree = "<group>"; };
		19BBBDA32B14E3960053F1C5 /* Assets.xcassets */ = {isa = PBXFileReference; lastKnownFileType = folder.assetcatalog; path = Assets.xcassets; sourceTree = "<group>"; };
		19BBBDA82B14E3960053F1C5 /* Info.plist */ = {isa = PBXFileReference; lastKnownFileType = text.plist.xml; path = Info.plist; sourceTree = "<group>"; };
		19BBDE822B1DA37900824BBE /* Gradient.swift */ = {isa = PBXFileReference; lastKnownFileType = sourcecode.swift; path = Gradient.swift; sourceTree = "<group>"; };
		19CAA1972B28378E0040BEEF /* MainScreenSettingsVC.swift */ = {isa = PBXFileReference; lastKnownFileType = sourcecode.swift; path = MainScreenSettingsVC.swift; sourceTree = "<group>"; };
		19CEB2A92B26F67F00EDF9BF /* GradientBackgroundView.swift */ = {isa = PBXFileReference; lastKnownFileType = sourcecode.swift; path = GradientBackgroundView.swift; sourceTree = "<group>"; };
		19CEB2AB2B27243D00EDF9BF /* UIView+setGradientBackground.swift */ = {isa = PBXFileReference; lastKnownFileType = sourcecode.swift; path = "UIView+setGradientBackground.swift"; sourceTree = "<group>"; };
		19CEB2B02B27433A00EDF9BF /* UIButton+Configuration.swift */ = {isa = PBXFileReference; lastKnownFileType = sourcecode.swift; path = "UIButton+Configuration.swift"; sourceTree = "<group>"; };
		19D2D8ED2B59A0DA00C2CF7D /* Base */ = {isa = PBXFileReference; lastKnownFileType = file.storyboard; name = Base; path = View/Base.lproj/Main.storyboard; sourceTree = "<group>"; };
		19FFB5A82B29798500CBAFF8 /* UIImage+scaleTo.swift */ = {isa = PBXFileReference; lastKnownFileType = sourcecode.swift; path = "UIImage+scaleTo.swift"; sourceTree = "<group>"; };
/* End PBXFileReference section */

/* Begin PBXFrameworksBuildPhase section */
		19BBBD942B14E3940053F1C5 /* Frameworks */ = {
			isa = PBXFrameworksBuildPhase;
			buildActionMask = 2147483647;
			files = (
			);
			runOnlyForDeploymentPostprocessing = 0;
		};
/* End PBXFrameworksBuildPhase section */

/* Begin PBXGroup section */
		190042DA2B1E010100199D11 /* MainScreen */ = {
			isa = PBXGroup;
			children = (
				19224DA62B20B1C8006C9113 /* View */,
				19224DA72B20B1D6006C9113 /* ViewModel */,
				19B6C9D12B5E7BB6007977F2 /* Model */,
			);
			path = MainScreen;
			sourceTree = "<group>";
		};
		191E10AD2B59944F00707733 /* Extension */ = {
			isa = PBXGroup;
			children = (
				193CC4A32B5CE3A900352A44 /* Float+stringWithoutZeroFraction.swift */,
				193CC4A12B5CE2A900352A44 /* UIFont+appFont.swift */,
				19FFB5A82B29798500CBAFF8 /* UIImage+scaleTo.swift */,
				19CEB2AB2B27243D00EDF9BF /* UIView+setGradientBackground.swift */,
				19CEB2B02B27433A00EDF9BF /* UIButton+Configuration.swift */,
				191E10AA2B59940500707733 /* String+K.swift */,
			);
			path = Extension;
			sourceTree = "<group>";
		};
		19224DA62B20B1C8006C9113 /* View */ = {
			isa = PBXGroup;
			children = (
				19D2D8EC2B59A0DA00C2CF7D /* Main.storyboard */,
				19CAA1962B28375F0040BEEF /* MainScreenView */,
				19CAA1992B2837AB0040BEEF /* MainScreenSettingsView */,
			);
			path = View;
			sourceTree = "<group>";
		};
		19224DA72B20B1D6006C9113 /* ViewModel */ = {
			isa = PBXGroup;
			children = (
				19224DA42B202966006C9113 /* MainScreenVM.swift */,
			);
			path = ViewModel;
			sourceTree = "<group>";
		};
		193DB0FF2B282FD000F4D4F4 /* Font */ = {
			isa = PBXGroup;
			children = (
				1978729F2B282D880034B77D /* SF-Pro.ttf */,
			);
			path = Font;
			sourceTree = "<group>";
		};
		19B6C9D12B5E7BB6007977F2 /* Model */ = {
			isa = PBXGroup;
			children = (
				195F7CB82B22E3E1004FCDB4 /* PointsGeneratorModel.swift */,
			);
			path = Model;
			sourceTree = "<group>";
		};
		19B6C9D22B5E7BE5007977F2 /* App */ = {
			isa = PBXGroup;
			children = (
				19BBBD9A2B14E3940053F1C5 /* AppDelegate.swift */,
				19BBBD9C2B14E3940053F1C5 /* SceneDelegate.swift */,
			);
			path = App;
			sourceTree = "<group>";
		};
		19BBBD8E2B14E3940053F1C5 = {
			isa = PBXGroup;
			children = (
				19BBBD992B14E3940053F1C5 /* AutoClicker */,
				19BBBD982B14E3940053F1C5 /* Products */,
			);
			sourceTree = "<group>";
		};
		19BBBD982B14E3940053F1C5 /* Products */ = {
			isa = PBXGroup;
			children = (
				19BBBD972B14E3940053F1C5 /* AutoClicker.app */,
			);
			name = Products;
			sourceTree = "<group>";
		};
		19BBBD992B14E3940053F1C5 /* AutoClicker */ = {
			isa = PBXGroup;
			children = (
				19B6C9D22B5E7BE5007977F2 /* App */,
				190042DA2B1E010100199D11 /* MainScreen */,
				19BBDE842B1DA37D00824BBE /* Helpers */,
				19DEF8022B970FE500746FDF /* Resource */,
			);
			path = AutoClicker;
			sourceTree = "<group>";
		};
		19BBDE842B1DA37D00824BBE /* Helpers */ = {
			isa = PBXGroup;
			children = (
				191E10AD2B59944F00707733 /* Extension */,
				19BBDE852B1DA38700824BBE /* UI */,
			);
			path = Helpers;
			sourceTree = "<group>";
		};
		19BBDE852B1DA38700824BBE /* UI */ = {
			isa = PBXGroup;
			children = (
				193CC4992B5CDA1700352A44 /* PreviewContainer.swift */,
				193CC49A2B5CDA1700352A44 /* RoundedTextField.swift */,
				193DB0FF2B282FD000F4D4F4 /* Font */,
				19BBDE822B1DA37900824BBE /* Gradient.swift */,
				19037B6A2B5AECBA0030ABA4 /* PointerView.swift */,
				19CEB2A92B26F67F00EDF9BF /* GradientBackgroundView.swift */,
			);
			path = UI;
			sourceTree = "<group>";
		};
		19CAA1962B28375F0040BEEF /* MainScreenView */ = {
			isa = PBXGroup;
			children = (
				190042B22B1DF7CB00199D11 /* MainScreenVC.swift */,
			);
			path = MainScreenView;
			sourceTree = "<group>";
		};
		19CAA1992B2837AB0040BEEF /* MainScreenSettingsView */ = {
			isa = PBXGroup;
			children = (
				19CAA1972B28378E0040BEEF /* MainScreenSettingsVC.swift */,
			);
			path = MainScreenSettingsView;
			sourceTree = "<group>";
		};
		19DEF8022B970FE500746FDF /* Resource */ = {
			isa = PBXGroup;
			children = (
				19BBBDA32B14E3960053F1C5 /* Assets.xcassets */,
				19BBBDA82B14E3960053F1C5 /* Info.plist */,
			);
			path = Resource;
			sourceTree = "<group>";
		};
/* End PBXGroup section */

/* Begin PBXNativeTarget section */
		19BBBD962B14E3940053F1C5 /* AutoClicker */ = {
			isa = PBXNativeTarget;
			buildConfigurationList = 19BBBDAB2B14E3960053F1C5 /* Build configuration list for PBXNativeTarget "AutoClicker" */;
			buildPhases = (
				19BBBD932B14E3940053F1C5 /* Sources */,
				19BBBD942B14E3940053F1C5 /* Frameworks */,
				19BBBD952B14E3940053F1C5 /* Resources */,
				19BBBDAE2B1602270053F1C5 /* SwiftLint */,
			);
			buildRules = (
			);
			dependencies = (
			);
			name = AutoClicker;
			productName = "Auto-Clicker-App";
			productReference = 19BBBD972B14E3940053F1C5 /* AutoClicker.app */;
			productType = "com.apple.product-type.application";
		};
/* End PBXNativeTarget section */

/* Begin PBXProject section */
		19BBBD8F2B14E3940053F1C5 /* Project object */ = {
			isa = PBXProject;
			attributes = {
				BuildIndependentTargetsInParallel = 1;
				LastSwiftUpdateCheck = 1500;
				LastUpgradeCheck = 1500;
				TargetAttributes = {
					19BBBD962B14E3940053F1C5 = {
						CreatedOnToolsVersion = 15.0.1;
					};
				};
			};
			buildConfigurationList = 19BBBD922B14E3940053F1C5 /* Build configuration list for PBXProject "AutoClicker" */;
			compatibilityVersion = "Xcode 14.0";
			developmentRegion = en;
			hasScannedForEncodings = 0;
			knownRegions = (
				en,
				Base,
			);
			mainGroup = 19BBBD8E2B14E3940053F1C5;
			productRefGroup = 19BBBD982B14E3940053F1C5 /* Products */;
			projectDirPath = "";
			projectRoot = "";
			targets = (
				19BBBD962B14E3940053F1C5 /* AutoClicker */,
			);
		};
/* End PBXProject section */

/* Begin PBXResourcesBuildPhase section */
		19BBBD952B14E3940053F1C5 /* Resources */ = {
			isa = PBXResourcesBuildPhase;
			buildActionMask = 2147483647;
			files = (
				19BBBDA42B14E3960053F1C5 /* Assets.xcassets in Resources */,
				197872A02B282D880034B77D /* SF-Pro.ttf in Resources */,
				19D2D8EE2B59A0DA00C2CF7D /* Main.storyboard in Resources */,
			);
			runOnlyForDeploymentPostprocessing = 0;
		};
/* End PBXResourcesBuildPhase section */

/* Begin PBXShellScriptBuildPhase section */
		19BBBDAE2B1602270053F1C5 /* SwiftLint */ = {
			isa = PBXShellScriptBuildPhase;
			alwaysOutOfDate = 1;
			buildActionMask = 2147483647;
			files = (
			);
			inputFileListPaths = (
			);
			inputPaths = (
			);
			name = SwiftLint;
			outputFileListPaths = (
			);
			outputPaths = (
			);
			runOnlyForDeploymentPostprocessing = 0;
			shellPath = /bin/sh;
			shellScript = "if [[ \"$(uname -m)\" == arm64 ]]; then\n    export PATH=\"/opt/homebrew/bin:$PATH\"\nfi\n\nif which swiftlint > /dev/null; then\n  swiftlint --config ../.swiftlint.yml\nelse\n  echo \"warning: SwiftLint not installed, download from https://github.com/realm/SwiftLint\"\nfi\n";
		};
/* End PBXShellScriptBuildPhase section */

/* Begin PBXSourcesBuildPhase section */
		19BBBD932B14E3940053F1C5 /* Sources */ = {
			isa = PBXSourcesBuildPhase;
			buildActionMask = 2147483647;
			files = (
				193CC49B2B5CDA1800352A44 /* PreviewContainer.swift in Sources */,
				191E10AB2B59940600707733 /* String+K.swift in Sources */,
				19BBBD9B2B14E3940053F1C5 /* AppDelegate.swift in Sources */,
				193CC4A42B5CE3A900352A44 /* Float+stringWithoutZeroFraction.swift in Sources */,
				19BBBD9D2B14E3940053F1C5 /* SceneDelegate.swift in Sources */,
				19CEB2AA2B26F67F00EDF9BF /* GradientBackgroundView.swift in Sources */,
				19CEB2B12B27433A00EDF9BF /* UIButton+Configuration.swift in Sources */,
				190042B32B1DF7CC00199D11 /* MainScreenVC.swift in Sources */,
				193CC4A22B5CE2A900352A44 /* UIFont+appFont.swift in Sources */,
				193CC49C2B5CDA1800352A44 /* RoundedTextField.swift in Sources */,
				19CEB2AC2B27243D00EDF9BF /* UIView+setGradientBackground.swift in Sources */,
				19224DA52B202966006C9113 /* MainScreenVM.swift in Sources */,
				19037B6B2B5AECBA0030ABA4 /* PointerView.swift in Sources */,
				19BBDE832B1DA37900824BBE /* Gradient.swift in Sources */,
				195F7CB92B22E3E1004FCDB4 /* PointsGeneratorModel.swift in Sources */,
				19CAA1982B28378E0040BEEF /* MainScreenSettingsVC.swift in Sources */,
				19FFB5A92B29798500CBAFF8 /* UIImage+scaleTo.swift in Sources */,
			);
			runOnlyForDeploymentPostprocessing = 0;
		};
/* End PBXSourcesBuildPhase section */

/* Begin PBXVariantGroup section */
		19D2D8EC2B59A0DA00C2CF7D /* Main.storyboard */ = {
			isa = PBXVariantGroup;
			children = (
				19D2D8ED2B59A0DA00C2CF7D /* Base */,
			);
			name = Main.storyboard;
			sourceTree = "<group>";
		};
/* End PBXVariantGroup section */

/* Begin XCBuildConfiguration section */
		19BBBDA92B14E3960053F1C5 /* Debug */ = {
			isa = XCBuildConfiguration;
			buildSettings = {
				ALWAYS_SEARCH_USER_PATHS = NO;
				ASSETCATALOG_COMPILER_GENERATE_SWIFT_ASSET_SYMBOL_EXTENSIONS = YES;
				CLANG_ANALYZER_NONNULL = YES;
				CLANG_ANALYZER_NUMBER_OBJECT_CONVERSION = YES_AGGRESSIVE;
				CLANG_CXX_LANGUAGE_STANDARD = "gnu++20";
				CLANG_ENABLE_MODULES = YES;
				CLANG_ENABLE_OBJC_ARC = YES;
				CLANG_ENABLE_OBJC_WEAK = YES;
				CLANG_WARN_BLOCK_CAPTURE_AUTORELEASING = YES;
				CLANG_WARN_BOOL_CONVERSION = YES;
				CLANG_WARN_COMMA = YES;
				CLANG_WARN_CONSTANT_CONVERSION = YES;
				CLANG_WARN_DEPRECATED_OBJC_IMPLEMENTATIONS = YES;
				CLANG_WARN_DIRECT_OBJC_ISA_USAGE = YES_ERROR;
				CLANG_WARN_DOCUMENTATION_COMMENTS = YES;
				CLANG_WARN_EMPTY_BODY = YES;
				CLANG_WARN_ENUM_CONVERSION = YES;
				CLANG_WARN_INFINITE_RECURSION = YES;
				CLANG_WARN_INT_CONVERSION = YES;
				CLANG_WARN_NON_LITERAL_NULL_CONVERSION = YES;
				CLANG_WARN_OBJC_IMPLICIT_RETAIN_SELF = YES;
				CLANG_WARN_OBJC_LITERAL_CONVERSION = YES;
				CLANG_WARN_OBJC_ROOT_CLASS = YES_ERROR;
				CLANG_WARN_QUOTED_INCLUDE_IN_FRAMEWORK_HEADER = YES;
				CLANG_WARN_RANGE_LOOP_ANALYSIS = YES;
				CLANG_WARN_STRICT_PROTOTYPES = YES;
				CLANG_WARN_SUSPICIOUS_MOVE = YES;
				CLANG_WARN_UNGUARDED_AVAILABILITY = YES_AGGRESSIVE;
				CLANG_WARN_UNREACHABLE_CODE = YES;
				CLANG_WARN__DUPLICATE_METHOD_MATCH = YES;
				COPY_PHASE_STRIP = NO;
				CURRENT_PROJECT_VERSION = 0;
				DEBUG_INFORMATION_FORMAT = dwarf;
				ENABLE_STRICT_OBJC_MSGSEND = YES;
				ENABLE_TESTABILITY = YES;
				ENABLE_USER_SCRIPT_SANDBOXING = YES;
				GCC_C_LANGUAGE_STANDARD = gnu17;
				GCC_DYNAMIC_NO_PIC = NO;
				GCC_NO_COMMON_BLOCKS = YES;
				GCC_OPTIMIZATION_LEVEL = 0;
				GCC_PREPROCESSOR_DEFINITIONS = (
					"DEBUG=1",
					"$(inherited)",
				);
				GCC_WARN_64_TO_32_BIT_CONVERSION = YES;
				GCC_WARN_ABOUT_RETURN_TYPE = YES_ERROR;
				GCC_WARN_UNDECLARED_SELECTOR = YES;
				GCC_WARN_UNINITIALIZED_AUTOS = YES_AGGRESSIVE;
				GCC_WARN_UNUSED_FUNCTION = YES;
				GCC_WARN_UNUSED_VARIABLE = YES;
				IPHONEOS_DEPLOYMENT_TARGET = 16.0;
				LOCALIZATION_PREFERS_STRING_CATALOGS = YES;
				MARKETING_VERSION = 0;
				MTL_ENABLE_DEBUG_INFO = INCLUDE_SOURCE;
				MTL_FAST_MATH = YES;
				ONLY_ACTIVE_ARCH = YES;
				SDKROOT = iphoneos;
				SWIFT_ACTIVE_COMPILATION_CONDITIONS = "DEBUG $(inherited)";
				SWIFT_OPTIMIZATION_LEVEL = "-Onone";
			};
			name = Debug;
		};
		19BBBDAA2B14E3960053F1C5 /* Release */ = {
			isa = XCBuildConfiguration;
			buildSettings = {
				ALWAYS_SEARCH_USER_PATHS = NO;
				ASSETCATALOG_COMPILER_GENERATE_SWIFT_ASSET_SYMBOL_EXTENSIONS = YES;
				CLANG_ANALYZER_NONNULL = YES;
				CLANG_ANALYZER_NUMBER_OBJECT_CONVERSION = YES_AGGRESSIVE;
				CLANG_CXX_LANGUAGE_STANDARD = "gnu++20";
				CLANG_ENABLE_MODULES = YES;
				CLANG_ENABLE_OBJC_ARC = YES;
				CLANG_ENABLE_OBJC_WEAK = YES;
				CLANG_WARN_BLOCK_CAPTURE_AUTORELEASING = YES;
				CLANG_WARN_BOOL_CONVERSION = YES;
				CLANG_WARN_COMMA = YES;
				CLANG_WARN_CONSTANT_CONVERSION = YES;
				CLANG_WARN_DEPRECATED_OBJC_IMPLEMENTATIONS = YES;
				CLANG_WARN_DIRECT_OBJC_ISA_USAGE = YES_ERROR;
				CLANG_WARN_DOCUMENTATION_COMMENTS = YES;
				CLANG_WARN_EMPTY_BODY = YES;
				CLANG_WARN_ENUM_CONVERSION = YES;
				CLANG_WARN_INFINITE_RECURSION = YES;
				CLANG_WARN_INT_CONVERSION = YES;
				CLANG_WARN_NON_LITERAL_NULL_CONVERSION = YES;
				CLANG_WARN_OBJC_IMPLICIT_RETAIN_SELF = YES;
				CLANG_WARN_OBJC_LITERAL_CONVERSION = YES;
				CLANG_WARN_OBJC_ROOT_CLASS = YES_ERROR;
				CLANG_WARN_QUOTED_INCLUDE_IN_FRAMEWORK_HEADER = YES;
				CLANG_WARN_RANGE_LOOP_ANALYSIS = YES;
				CLANG_WARN_STRICT_PROTOTYPES = YES;
				CLANG_WARN_SUSPICIOUS_MOVE = YES;
				CLANG_WARN_UNGUARDED_AVAILABILITY = YES_AGGRESSIVE;
				CLANG_WARN_UNREACHABLE_CODE = YES;
				CLANG_WARN__DUPLICATE_METHOD_MATCH = YES;
				COPY_PHASE_STRIP = NO;
				CURRENT_PROJECT_VERSION = 0;
				DEBUG_INFORMATION_FORMAT = "dwarf-with-dsym";
				ENABLE_NS_ASSERTIONS = NO;
				ENABLE_STRICT_OBJC_MSGSEND = YES;
				ENABLE_USER_SCRIPT_SANDBOXING = YES;
				GCC_C_LANGUAGE_STANDARD = gnu17;
				GCC_NO_COMMON_BLOCKS = YES;
				GCC_WARN_64_TO_32_BIT_CONVERSION = YES;
				GCC_WARN_ABOUT_RETURN_TYPE = YES_ERROR;
				GCC_WARN_UNDECLARED_SELECTOR = YES;
				GCC_WARN_UNINITIALIZED_AUTOS = YES_AGGRESSIVE;
				GCC_WARN_UNUSED_FUNCTION = YES;
				GCC_WARN_UNUSED_VARIABLE = YES;
				IPHONEOS_DEPLOYMENT_TARGET = 16.0;
				LOCALIZATION_PREFERS_STRING_CATALOGS = YES;
				MARKETING_VERSION = 0;
				MTL_ENABLE_DEBUG_INFO = NO;
				MTL_FAST_MATH = YES;
				SDKROOT = iphoneos;
				SWIFT_COMPILATION_MODE = wholemodule;
				VALIDATE_PRODUCT = YES;
			};
			name = Release;
		};
		19BBBDAC2B14E3960053F1C5 /* Debug */ = {
			isa = XCBuildConfiguration;
			buildSettings = {
				ASSETCATALOG_COMPILER_APPICON_NAME = AppIcon;
				ASSETCATALOG_COMPILER_GLOBAL_ACCENT_COLOR_NAME = AccentColor;
				CODE_SIGN_STYLE = Automatic;
				CURRENT_PROJECT_VERSION = 0;
				DEVELOPMENT_TEAM = S294JL6K3Q;
				ENABLE_USER_SCRIPT_SANDBOXING = NO;
				GENERATE_INFOPLIST_FILE = YES;
				INFOPLIST_FILE = AutoClicker/Resource/Info.plist;
				INFOPLIST_KEY_UIApplicationSupportsIndirectInputEvents = YES;
				INFOPLIST_KEY_UILaunchStoryboardName = LaunchScreen;
				INFOPLIST_KEY_UIMainStoryboardFile = Main;
				INFOPLIST_KEY_UISupportedInterfaceOrientations = UIInterfaceOrientationPortrait;
				INFOPLIST_KEY_UISupportedInterfaceOrientations_iPad = "UIInterfaceOrientationLandscapeLeft UIInterfaceOrientationLandscapeRight UIInterfaceOrientationPortrait UIInterfaceOrientationPortraitUpsideDown";
				IPHONEOS_DEPLOYMENT_TARGET = 16.0;
				LD_RUNPATH_SEARCH_PATHS = (
					"$(inherited)",
					"@executable_path/Frameworks",
				);
				MARKETING_VERSION = 0;
				PRODUCT_BUNDLE_IDENTIFIER = "com.ivankirpichonok-gmail.iOS.Auto-Clicker-App";
				PRODUCT_NAME = "$(TARGET_NAME)";
				SUPPORTED_PLATFORMS = "iphoneos iphonesimulator";
				SUPPORTS_MACCATALYST = NO;
				SUPPORTS_MAC_DESIGNED_FOR_IPHONE_IPAD = NO;
				SWIFT_EMIT_LOC_STRINGS = YES;
				SWIFT_VERSION = 5.0;
				TARGETED_DEVICE_FAMILY = 1;
			};
			name = Debug;
		};
		19BBBDAD2B14E3960053F1C5 /* Release */ = {
			isa = XCBuildConfiguration;
			buildSettings = {
				ASSETCATALOG_COMPILER_APPICON_NAME = AppIcon;
				ASSETCATALOG_COMPILER_GLOBAL_ACCENT_COLOR_NAME = AccentColor;
				CODE_SIGN_STYLE = Automatic;
				CURRENT_PROJECT_VERSION = 0;
				DEVELOPMENT_TEAM = S294JL6K3Q;
				ENABLE_USER_SCRIPT_SANDBOXING = NO;
				GENERATE_INFOPLIST_FILE = YES;
				INFOPLIST_FILE = AutoClicker/Resource/Info.plist;
				INFOPLIST_KEY_UIApplicationSupportsIndirectInputEvents = YES;
				INFOPLIST_KEY_UILaunchStoryboardName = LaunchScreen;
				INFOPLIST_KEY_UIMainStoryboardFile = Main;
				INFOPLIST_KEY_UISupportedInterfaceOrientations = UIInterfaceOrientationPortrait;
				INFOPLIST_KEY_UISupportedInterfaceOrientations_iPad = "UIInterfaceOrientationLandscapeLeft UIInterfaceOrientationLandscapeRight UIInterfaceOrientationPortrait UIInterfaceOrientationPortraitUpsideDown";
				IPHONEOS_DEPLOYMENT_TARGET = 16.0;
				LD_RUNPATH_SEARCH_PATHS = (
					"$(inherited)",
					"@executable_path/Frameworks",
				);
				MARKETING_VERSION = 0;
				PRODUCT_BUNDLE_IDENTIFIER = "com.ivankirpichonok-gmail.iOS.Auto-Clicker-App";
				PRODUCT_NAME = "$(TARGET_NAME)";
				SUPPORTED_PLATFORMS = "iphoneos iphonesimulator";
				SUPPORTS_MACCATALYST = NO;
				SUPPORTS_MAC_DESIGNED_FOR_IPHONE_IPAD = NO;
				SWIFT_EMIT_LOC_STRINGS = YES;
				SWIFT_VERSION = 5.0;
				TARGETED_DEVICE_FAMILY = 1;
			};
			name = Release;
		};
/* End XCBuildConfiguration section */

/* Begin XCConfigurationList section */
		19BBBD922B14E3940053F1C5 /* Build configuration list for PBXProject "AutoClicker" */ = {
			isa = XCConfigurationList;
			buildConfigurations = (
				19BBBDA92B14E3960053F1C5 /* Debug */,
				19BBBDAA2B14E3960053F1C5 /* Release */,
			);
			defaultConfigurationIsVisible = 0;
			defaultConfigurationName = Release;
		};
		19BBBDAB2B14E3960053F1C5 /* Build configuration list for PBXNativeTarget "AutoClicker" */ = {
			isa = XCConfigurationList;
			buildConfigurations = (
				19BBBDAC2B14E3960053F1C5 /* Debug */,
				19BBBDAD2B14E3960053F1C5 /* Release */,
			);
			defaultConfigurationIsVisible = 0;
			defaultConfigurationName = Release;
		};
/* End XCConfigurationList section */
	};
	rootObject = 19BBBD8F2B14E3940053F1C5 /* Project object */;
}
